
Microsoft Visual Studio Solution File, Format Version 12.00
Project("{F2A71F9B-5D33-465A-A702-920D77279786}") = "Partas.Solid.Bindings", "Partas.Solid.Bindings\Partas.Solid.Bindings.fsproj", "{1ABFF75F-2A35-4D4D-9B80-FA7E05427DF9}"
EndProject
Project("{2150E333-8FDC-42A3-9474-1A3956D46DE8}") = "Bindings", "Bindings", "{ED6B8ED3-9197-4CE5-8D74-453054E2E857}"
	ProjectSection(SolutionItems) = preProject
		README.md = README.md
	EndProjectSection
EndProject
Project("{F2A71F9B-5D33-465A-A702-920D77279786}") = "Partas.Solid.Corvu", "Partas.Solid.Corvu\Partas.Solid.Corvu.fsproj", "{2AE17EDA-86D2-43F0-A2AE-95E4371E0968}"
EndProject
Project("{F2A71F9B-5D33-465A-A702-920D77279786}") = "Partas.Solid.Kobalte", "Partas.Solid.Kobalte\Partas.Solid.Kobalte.fsproj", "{A57B8E39-64DD-4DEA-95B9-5A69AC7E3F26}"
EndProject
Project("{F2A71F9B-5D33-465A-A702-920D77279786}") = "Partas.Solid.Lucide", "Partas.Solid.Lucide\Partas.Solid.Lucide.fsproj", "{1849FBE7-CB77-44D2-B424-6F865B42149A}"
EndProject
Project("{F2A71F9B-5D33-465A-A702-920D77279786}") = "Partas.Solid.Cmdk", "Partas.Solid.Cmdk\Partas.Solid.Cmdk.fsproj", "{C310F905-5766-418E-9274-C107B60FC9CF}"
EndProject
Project("{2150E333-8FDC-42A3-9474-1A3956D46DE8}") = "Primitives", "Primitives", "{3E5FF0DD-6DA5-4B5B-B3AB-55CAE32310A7}"
EndProject
Project("{F2A71F9B-5D33-465A-A702-920D77279786}") = "Partas.Solid.Primitives", "Partas.Solid.Primitives\Partas.Solid.Primitives.fsproj", "{62D45FE9-7F1A-4083-B9B1-9CE81C8F5FC2}"
EndProject
Project("{F2A71F9B-5D33-465A-A702-920D77279786}") = "Partas.Solid.ChartJs", "Partas.Solid.ChartJs\Partas.Solid.ChartJs.fsproj", "{F02F3302-1680-413E-A641-8CAB145C1987}"
EndProject
Project("{F2A71F9B-5D33-465A-A702-920D77279786}") = "Partas.Solid.TanStack.Table", "Partas.Solid.TanStack.Table\Partas.Solid.TanStack.Table.fsproj", "{5AB0FEA8-9A11-4575-98EE-9FAD7570D86E}"
EndProject
Project("{F2A71F9B-5D33-465A-A702-920D77279786}") = "Partas.Solid.ApexCharts", "Partas.Solid.ApexCharts\Partas.Solid.ApexCharts.fsproj", "{54DCD186-9CBC-4689-9C85-764272FE7DC7}"
EndProject
Project("{F2A71F9B-5D33-465A-A702-920D77279786}") = "Partas.Solid.ArkUI", "Partas.Solid.ArkUI\Partas.Solid.ArkUI.fsproj", "{02CE3414-DC52-455A-BDBE-8FB1AB0FD5AC}"
EndProject
Project("{F2A71F9B-5D33-465A-A702-920D77279786}") = "Glutinum.Internationalised", "Glutinum.Internationalised\Glutinum.Internationalised.fsproj", "{1F78B527-F84F-4DF4-8B15-2E461B649881}"
EndProject
Project("{F2A71F9B-5D33-465A-A702-920D77279786}") = "Glutinum.ZagJs", "Glutinum.ZagJs\Glutinum.ZagJs.fsproj", "{9446F5A2-CCCF-4118-9687-042862CF6B5D}"
EndProject
Project("{F2A71F9B-5D33-465A-A702-920D77279786}") = "Partas.Solid.Motion", "Partas.Solid.Motion\Partas.Solid.Motion.fsproj", "{786121B2-1A8D-4FB3-AE89-5658190D3D14}"
EndProject
Project("{F2A71F9B-5D33-465A-A702-920D77279786}") = "Partas.Utilities.StructuredTypes", "Partas.Utilities.StructuredTypes\Partas.Utilities.StructuredTypes.fsproj", "{EE6DC8A1-28A1-4C09-8FFF-62ADD1A60974}"
EndProject
Project("{F2A71F9B-5D33-465A-A702-920D77279786}") = "Partas.Solid.EmblaCarousel", "Partas.Solid.EmblaCarousel\Partas.Solid.EmblaCarousel.fsproj", "{CE94D8BC-05E3-4FB8-9309-BC06FE127C38}"
EndProject
Project("{F2A71F9B-5D33-465A-A702-920D77279786}") = "Partas.Solid.ModularForms", "Partas.Solid.ModularForms\Partas.Solid.ModularForms.fsproj", "{F95FC1B3-F6B7-4604-A42E-62EDBBDA30B4}"
EndProject
Global
	GlobalSection(SolutionConfigurationPlatforms) = preSolution
		Debug|Any CPU = Debug|Any CPU
		Release|Any CPU = Release|Any CPU
	EndGlobalSection
	GlobalSection(ProjectConfigurationPlatforms) = postSolution
		{1ABFF75F-2A35-4D4D-9B80-FA7E05427DF9}.Debug|Any CPU.ActiveCfg = Debug|Any CPU
		{1ABFF75F-2A35-4D4D-9B80-FA7E05427DF9}.Debug|Any CPU.Build.0 = Debug|Any CPU
		{1ABFF75F-2A35-4D4D-9B80-FA7E05427DF9}.Release|Any CPU.ActiveCfg = Release|Any CPU
		{1ABFF75F-2A35-4D4D-9B80-FA7E05427DF9}.Release|Any CPU.Build.0 = Release|Any CPU
		{2AE17EDA-86D2-43F0-A2AE-95E4371E0968}.Debug|Any CPU.ActiveCfg = Debug|Any CPU
		{2AE17EDA-86D2-43F0-A2AE-95E4371E0968}.Debug|Any CPU.Build.0 = Debug|Any CPU
		{2AE17EDA-86D2-43F0-A2AE-95E4371E0968}.Release|Any CPU.ActiveCfg = Release|Any CPU
		{2AE17EDA-86D2-43F0-A2AE-95E4371E0968}.Release|Any CPU.Build.0 = Release|Any CPU
		{A57B8E39-64DD-4DEA-95B9-5A69AC7E3F26}.Debug|Any CPU.ActiveCfg = Debug|Any CPU
		{A57B8E39-64DD-4DEA-95B9-5A69AC7E3F26}.Debug|Any CPU.Build.0 = Debug|Any CPU
		{A57B8E39-64DD-4DEA-95B9-5A69AC7E3F26}.Release|Any CPU.ActiveCfg = Release|Any CPU
		{A57B8E39-64DD-4DEA-95B9-5A69AC7E3F26}.Release|Any CPU.Build.0 = Release|Any CPU
		{1849FBE7-CB77-44D2-B424-6F865B42149A}.Debug|Any CPU.ActiveCfg = Debug|Any CPU
		{1849FBE7-CB77-44D2-B424-6F865B42149A}.Debug|Any CPU.Build.0 = Debug|Any CPU
		{1849FBE7-CB77-44D2-B424-6F865B42149A}.Release|Any CPU.ActiveCfg = Release|Any CPU
		{1849FBE7-CB77-44D2-B424-6F865B42149A}.Release|Any CPU.Build.0 = Release|Any CPU
		{C310F905-5766-418E-9274-C107B60FC9CF}.Debug|Any CPU.ActiveCfg = Debug|Any CPU
		{C310F905-5766-418E-9274-C107B60FC9CF}.Debug|Any CPU.Build.0 = Debug|Any CPU
		{C310F905-5766-418E-9274-C107B60FC9CF}.Release|Any CPU.ActiveCfg = Release|Any CPU
		{C310F905-5766-418E-9274-C107B60FC9CF}.Release|Any CPU.Build.0 = Release|Any CPU
		{62D45FE9-7F1A-4083-B9B1-9CE81C8F5FC2}.Debug|Any CPU.ActiveCfg = Debug|Any CPU
		{62D45FE9-7F1A-4083-B9B1-9CE81C8F5FC2}.Debug|Any CPU.Build.0 = Debug|Any CPU
		{62D45FE9-7F1A-4083-B9B1-9CE81C8F5FC2}.Release|Any CPU.ActiveCfg = Release|Any CPU
		{62D45FE9-7F1A-4083-B9B1-9CE81C8F5FC2}.Release|Any CPU.Build.0 = Release|Any CPU
		{F02F3302-1680-413E-A641-8CAB145C1987}.Debug|Any CPU.ActiveCfg = Debug|Any CPU
		{F02F3302-1680-413E-A641-8CAB145C1987}.Debug|Any CPU.Build.0 = Debug|Any CPU
		{F02F3302-1680-413E-A641-8CAB145C1987}.Release|Any CPU.ActiveCfg = Release|Any CPU
		{F02F3302-1680-413E-A641-8CAB145C1987}.Release|Any CPU.Build.0 = Release|Any CPU
		{5AB0FEA8-9A11-4575-98EE-9FAD7570D86E}.Debug|Any CPU.ActiveCfg = Debug|Any CPU
		{5AB0FEA8-9A11-4575-98EE-9FAD7570D86E}.Debug|Any CPU.Build.0 = Debug|Any CPU
		{5AB0FEA8-9A11-4575-98EE-9FAD7570D86E}.Release|Any CPU.ActiveCfg = Release|Any CPU
		{5AB0FEA8-9A11-4575-98EE-9FAD7570D86E}.Release|Any CPU.Build.0 = Release|Any CPU
		{54DCD186-9CBC-4689-9C85-764272FE7DC7}.Debug|Any CPU.ActiveCfg = Debug|Any CPU
		{54DCD186-9CBC-4689-9C85-764272FE7DC7}.Debug|Any CPU.Build.0 = Debug|Any CPU
		{54DCD186-9CBC-4689-9C85-764272FE7DC7}.Release|Any CPU.ActiveCfg = Release|Any CPU
		{54DCD186-9CBC-4689-9C85-764272FE7DC7}.Release|Any CPU.Build.0 = Release|Any CPU
		{02CE3414-DC52-455A-BDBE-8FB1AB0FD5AC}.Debug|Any CPU.ActiveCfg = Debug|Any CPU
		{02CE3414-DC52-455A-BDBE-8FB1AB0FD5AC}.Debug|Any CPU.Build.0 = Debug|Any CPU
		{02CE3414-DC52-455A-BDBE-8FB1AB0FD5AC}.Release|Any CPU.ActiveCfg = Release|Any CPU
		{02CE3414-DC52-455A-BDBE-8FB1AB0FD5AC}.Release|Any CPU.Build.0 = Release|Any CPU
		{1F78B527-F84F-4DF4-8B15-2E461B649881}.Debug|Any CPU.ActiveCfg = Debug|Any CPU
		{1F78B527-F84F-4DF4-8B15-2E461B649881}.Debug|Any CPU.Build.0 = Debug|Any CPU
		{1F78B527-F84F-4DF4-8B15-2E461B649881}.Release|Any CPU.ActiveCfg = Release|Any CPU
		{1F78B527-F84F-4DF4-8B15-2E461B649881}.Release|Any CPU.Build.0 = Release|Any CPU
		{9446F5A2-CCCF-4118-9687-042862CF6B5D}.Debug|Any CPU.ActiveCfg = Debug|Any CPU
		{9446F5A2-CCCF-4118-9687-042862CF6B5D}.Debug|Any CPU.Build.0 = Debug|Any CPU
		{9446F5A2-CCCF-4118-9687-042862CF6B5D}.Release|Any CPU.ActiveCfg = Release|Any CPU
		{9446F5A2-CCCF-4118-9687-042862CF6B5D}.Release|Any CPU.Build.0 = Release|Any CPU
		{786121B2-1A8D-4FB3-AE89-5658190D3D14}.Debug|Any CPU.ActiveCfg = Debug|Any CPU
		{786121B2-1A8D-4FB3-AE89-5658190D3D14}.Debug|Any CPU.Build.0 = Debug|Any CPU
		{786121B2-1A8D-4FB3-AE89-5658190D3D14}.Release|Any CPU.ActiveCfg = Release|Any CPU
		{786121B2-1A8D-4FB3-AE89-5658190D3D14}.Release|Any CPU.Build.0 = Release|Any CPU
		{EE6DC8A1-28A1-4C09-8FFF-62ADD1A60974}.Debug|Any CPU.ActiveCfg = Debug|Any CPU
		{EE6DC8A1-28A1-4C09-8FFF-62ADD1A60974}.Debug|Any CPU.Build.0 = Debug|Any CPU
		{EE6DC8A1-28A1-4C09-8FFF-62ADD1A60974}.Release|Any CPU.ActiveCfg = Release|Any CPU
		{EE6DC8A1-28A1-4C09-8FFF-62ADD1A60974}.Release|Any CPU.Build.0 = Release|Any CPU
		{CE94D8BC-05E3-4FB8-9309-BC06FE127C38}.Debug|Any CPU.ActiveCfg = Debug|Any CPU
		{CE94D8BC-05E3-4FB8-9309-BC06FE127C38}.Debug|Any CPU.Build.0 = Debug|Any CPU
		{CE94D8BC-05E3-4FB8-9309-BC06FE127C38}.Release|Any CPU.ActiveCfg = Release|Any CPU
		{CE94D8BC-05E3-4FB8-9309-BC06FE127C38}.Release|Any CPU.Build.0 = Release|Any CPU
		{F95FC1B3-F6B7-4604-A42E-62EDBBDA30B4}.Debug|Any CPU.ActiveCfg = Debug|Any CPU
		{F95FC1B3-F6B7-4604-A42E-62EDBBDA30B4}.Debug|Any CPU.Build.0 = Debug|Any CPU
		{F95FC1B3-F6B7-4604-A42E-62EDBBDA30B4}.Release|Any CPU.ActiveCfg = Release|Any CPU
		{F95FC1B3-F6B7-4604-A42E-62EDBBDA30B4}.Release|Any CPU.Build.0 = Release|Any CPU
	EndGlobalSection
	GlobalSection(NestedProjects) = preSolution
		{2AE17EDA-86D2-43F0-A2AE-95E4371E0968} = {ED6B8ED3-9197-4CE5-8D74-453054E2E857}
		{A57B8E39-64DD-4DEA-95B9-5A69AC7E3F26} = {ED6B8ED3-9197-4CE5-8D74-453054E2E857}
		{1849FBE7-CB77-44D2-B424-6F865B42149A} = {ED6B8ED3-9197-4CE5-8D74-453054E2E857}
		{C310F905-5766-418E-9274-C107B60FC9CF} = {ED6B8ED3-9197-4CE5-8D74-453054E2E857}
		{62D45FE9-7F1A-4083-B9B1-9CE81C8F5FC2} = {3E5FF0DD-6DA5-4B5B-B3AB-55CAE32310A7}
		{F02F3302-1680-413E-A641-8CAB145C1987} = {ED6B8ED3-9197-4CE5-8D74-453054E2E857}
		{5AB0FEA8-9A11-4575-98EE-9FAD7570D86E} = {ED6B8ED3-9197-4CE5-8D74-453054E2E857}
		{54DCD186-9CBC-4689-9C85-764272FE7DC7} = {ED6B8ED3-9197-4CE5-8D74-453054E2E857}
		{02CE3414-DC52-455A-BDBE-8FB1AB0FD5AC} = {ED6B8ED3-9197-4CE5-8D74-453054E2E857}
		{1F78B527-F84F-4DF4-8B15-2E461B649881} = {ED6B8ED3-9197-4CE5-8D74-453054E2E857}
		{9446F5A2-CCCF-4118-9687-042862CF6B5D} = {ED6B8ED3-9197-4CE5-8D74-453054E2E857}
		{786121B2-1A8D-4FB3-AE89-5658190D3D14} = {ED6B8ED3-9197-4CE5-8D74-453054E2E857}
		{EE6DC8A1-28A1-4C09-8FFF-62ADD1A60974} = {ED6B8ED3-9197-4CE5-8D74-453054E2E857}
		{CE94D8BC-05E3-4FB8-9309-BC06FE127C38} = {ED6B8ED3-9197-4CE5-8D74-453054E2E857}
		{F95FC1B3-F6B7-4604-A42E-62EDBBDA30B4} = {ED6B8ED3-9197-4CE5-8D74-453054E2E857}
	EndGlobalSection
EndGlobal
